github.com/future-wd/hugo-imaging-common v0.0.7/go.mod h1:T+CwESc3sveTg/R4X/2AeQszY52MuqfyNuVV2UmSn+E=
github.com/future-wd/hugo-responsive-images v1.2.0 h1:317r/NGku1PNdt6PSE2N1hlq7jmHGUydCvPeVSjCmNY=
github.com/future-wd/hugo-responsive-images v1.2.0/go.mod h1:b8enU8rhitAE62fkxqfG+l/S14+pzwereZc3wKBmrIY=
github.com/future-wd/hugo-responsive-images v1.2.1 h1:S10HEzVUpE09DH3HSN1l2g0hb933muG8RMJ7VM0D3tc=
github.com/future-wd/hugo-responsive-images v1.2.1/go.mod h1:b8enU8rhitAE62fkxqfG+l/S14+pzwereZc3wKBmrIY=
